
Microsoft Visual Studio Solution File, Format Version 12.00
# Visual Studio Version 16
VisualStudioVersion = 16.0.29911.84
MinimumVisualStudioVersion = 10.0.40219.1
Project("{FAE04EC0-301F-11D3-BF4B-00C04F79EFBC}") = "VSACIAURepro.Android", "VSACIAURepro\VSACIAURepro.Android\VSACIAURepro.Android.csproj", "{D0FB9B5D-32BE-444B-BA8A-1E9D01822B9D}"
EndProject
Project("{FAE04EC0-301F-11D3-BF4B-00C04F79EFBC}") = "VSACIAURepro.iOS", "VSACIAURepro\VSACIAURepro.iOS\VSACIAURepro.iOS.csproj", "{8F1205D3-DF9A-4C8A-82DC-8AA095B2D01B}"
EndProject
Project("{FAE04EC0-301F-11D3-BF4B-00C04F79EFBC}") = "VSACIAURepro", "VSACIAURepro\VSACIAURepro\VSACIAURepro.csproj", "{A252D02A-4F43-4D63-BA1B-87D6E0ACDA44}"
EndProject
Global
	GlobalSection(SolutionConfigurationPlatforms) = preSolution
		Debug|Any CPU = Debug|Any CPU
		Debug|iPhone = Debug|iPhone
		Debug|iPhoneSimulator = Debug|iPhoneSimulator
		Release|Any CPU = Release|Any CPU
		Release|iPhone = Release|iPhone
		Release|iPhoneSimulator = Release|iPhoneSimulator
	EndGlobalSection
	GlobalSection(ProjectConfigurationPlatforms) = postSolution
		{D0FB9B5D-32BE-444B-BA8A-1E9D01822B9D}.Debug|Any CPU.ActiveCfg = Debug|Any CPU
		{D0FB9B5D-32BE-444B-BA8A-1E9D01822B9D}.Debug|Any CPU.Build.0 = Debug|Any CPU
		{D0FB9B5D-32BE-444B-BA8A-1E9D01822B9D}.Debug|Any CPU.Deploy.0 = Debug|Any CPU
		{D0FB9B5D-32BE-444B-BA8A-1E9D01822B9D}.Debug|iPhone.ActiveCfg = Debug|Any CPU
		{D0FB9B5D-32BE-444B-BA8A-1E9D01822B9D}.Debug|iPhone.Build.0 = Debug|Any CPU
		{D0FB9B5D-32BE-444B-BA8A-1E9D01822B9D}.Debug|iPhone.Deploy.0 = Debug|Any CPU
		{D0FB9B5D-32BE-444B-BA8A-1E9D01822B9D}.Debug|iPhoneSimulator.ActiveCfg = Debug|Any CPU
		{D0FB9B5D-32BE-444B-BA8A-1E9D01822B9D}.Debug|iPhoneSimulator.Build.0 = Debug|Any CPU
		{D0FB9B5D-32BE-444B-BA8A-1E9D01822B9D}.Debug|iPhoneSimulator.Deploy.0 = Debug|Any CPU
		{D0FB9B5D-32BE-444B-BA8A-1E9D01822B9D}.Release|Any CPU.ActiveCfg = Release|Any CPU
		{D0FB9B5D-32BE-444B-BA8A-1E9D01822B9D}.Release|Any CPU.Build.0 = Release|Any CPU
		{D0FB9B5D-32BE-444B-BA8A-1E9D01822B9D}.Release|Any CPU.Deploy.0 = Release|Any CPU
		{D0FB9B5D-32BE-444B-BA8A-1E9D01822B9D}.Release|iPhone.ActiveCfg = Release|Any CPU
		{D0FB9B5D-32BE-444B-BA8A-1E9D01822B9D}.Release|iPhone.Build.0 = Release|Any CPU
		{D0FB9B5D-32BE-444B-BA8A-1E9D01822B9D}.Release|iPhone.Deploy.0 = Release|Any CPU
		{D0FB9B5D-32BE-444B-BA8A-1E9D01822B9D}.Release|iPhoneSimulator.ActiveCfg = Release|Any CPU
		{D0FB9B5D-32BE-444B-BA8A-1E9D01822B9D}.Release|iPhoneSimulator.Build.0 = Release|Any CPU
		{D0FB9B5D-32BE-444B-BA8A-1E9D01822B9D}.Release|iPhoneSimulator.Deploy.0 = Release|Any CPU
		{8F1205D3-DF9A-4C8A-82DC-8AA095B2D01B}.Debug|Any CPU.ActiveCfg = Debug|iPhone
		{8F1205D3-DF9A-4C8A-82DC-8AA095B2D01B}.Debug|Any CPU.Build.0 = Debug|iPhone
		{8F1205D3-DF9A-4C8A-82DC-8AA095B2D01B}.Debug|Any CPU.Deploy.0 = Debug|iPhone
		{8F1205D3-DF9A-4C8A-82DC-8AA095B2D01B}.Debug|iPhone.ActiveCfg = Debug|iPhone
		{8F1205D3-DF9A-4C8A-82DC-8AA095B2D01B}.Debug|iPhone.Build.0 = Debug|iPhone
		{8F1205D3-DF9A-4C8A-82DC-8AA095B2D01B}.Debug|iPhone.Deploy.0 = Debug|iPhone
		{8F1205D3-DF9A-4C8A-82DC-8AA095B2D01B}.Debug|iPhoneSimulator.ActiveCfg = Debug|iPhoneSimulator
		{8F1205D3-DF9A-4C8A-82DC-8AA095B2D01B}.Debug|iPhoneSimulator.Build.0 = Debug|iPhoneSimulator
		{8F1205D3-DF9A-4C8A-82DC-8AA095B2D01B}.Debug|iPhoneSimulator.Deploy.0 = Debug|iPhoneSimulator
		{8F1205D3-DF9A-4C8A-82DC-8AA095B2D01B}.Release|Any CPU.ActiveCfg = Release|iPhone
		{8F1205D3-DF9A-4C8A-82DC-8AA095B2D01B}.Release|Any CPU.Build.0 = Release|iPhone
		{8F1205D3-DF9A-4C8A-82DC-8AA095B2D01B}.Release|Any CPU.Deploy.0 = Release|iPhone
		{8F1205D3-DF9A-4C8A-82DC-8AA095B2D01B}.Release|iPhone.ActiveCfg = Release|iPhone
		{8F1205D3-DF9A-4C8A-82DC-8AA095B2D01B}.Release|iPhone.Build.0 = Release|iPhone
		{8F1205D3-DF9A-4C8A-82DC-8AA095B2D01B}.Release|iPhone.Deploy.0 = Release|iPhone
		{8F1205D3-DF9A-4C8A-82DC-8AA095B2D01B}.Release|iPhoneSimulator.ActiveCfg = Release|iPhoneSimulator
		{8F1205D3-DF9A-4C8A-82DC-8AA095B2D01B}.Release|iPhoneSimulator.Build.0 = Release|iPhoneSimulator
		{8F1205D3-DF9A-4C8A-82DC-8AA095B2D01B}.Release|iPhoneSimulator.Deploy.0 = Release|iPhoneSimulator
		{A252D02A-4F43-4D63-BA1B-87D6E0ACDA44}.Debug|Any CPU.ActiveCfg = Debug|Any CPU
		{A252D02A-4F43-4D63-BA1B-87D6E0ACDA44}.Debug|Any CPU.Build.0 = Debug|Any CPU
		{A252D02A-4F43-4D63-BA1B-87D6E0ACDA44}.Debug|Any CPU.Deploy.0 = Debug|Any CPU
		{A252D02A-4F43-4D63-BA1B-87D6E0ACDA44}.Debug|iPhone.ActiveCfg = Debug|Any CPU
		{A252D02A-4F43-4D63-BA1B-87D6E0ACDA44}.Debug|iPhone.Build.0 = Debug|Any CPU
		{A252D02A-4F43-4D63-BA1B-87D6E0ACDA44}.Debug|iPhone.Deploy.0 = Debug|Any CPU
		{A252D02A-4F43-4D63-BA1B-87D6E0ACDA44}.Debug|iPhoneSimulator.ActiveCfg = Debug|Any CPU
		{A252D02A-4F43-4D63-BA1B-87D6E0ACDA44}.Debug|iPhoneSimulator.Build.0 = Debug|Any CPU
		{A252D02A-4F43-4D63-BA1B-87D6E0ACDA44}.Debug|iPhoneSimulator.Deploy.0 = Debug|Any CPU
		{A252D02A-4F43-4D63-BA1B-87D6E0ACDA44}.Release|Any CPU.ActiveCfg = Release|Any CPU
		{A252D02A-4F43-4D63-BA1B-87D6E0ACDA44}.Release|Any CPU.Build.0 = Release|Any CPU
		{A252D02A-4F43-4D63-BA1B-87D6E0ACDA44}.Release|Any CPU.Deploy.0 = Release|Any CPU
		{A252D02A-4F43-4D63-BA1B-87D6E0ACDA44}.Release|iPhone.ActiveCfg = Release|Any CPU
		{A252D02A-4F43-4D63-BA1B-87D6E0ACDA44}.Release|iPhone.Build.0 = Release|Any CPU
		{A252D02A-4F43-4D63-BA1B-87D6E0ACDA44}.Release|iPhone.Deploy.0 = Release|Any CPU
		{A252D02A-4F43-4D63-BA1B-87D6E0ACDA44}.Release|iPhoneSimulator.ActiveCfg = Release|Any CPU
		{A252D02A-4F43-4D63-BA1B-87D6E0ACDA44}.Release|iPhoneSimulator.Build.0 = Release|Any CPU
		{A252D02A-4F43-4D63-BA1B-87D6E0ACDA44}.Release|iPhoneSimulator.Deploy.0 = Release|Any CPU
	EndGlobalSection
	GlobalSection(SolutionProperties) = preSolution
		HideSolutionNode = FALSE
	EndGlobalSection
	GlobalSection(ExtensibilityGlobals) = postSolution
		SolutionGuid = {93841FC4-A472-47FC-A9DF-D4207FC72670}
	EndGlobalSection
EndGlobal
